
Microsoft Visual Studio Solution File, Format Version 12.00
# Visual Studio 14
VisualStudioVersion = 14.0.25420.1
MinimumVisualStudioVersion = 10.0.40219.1
Project("{FAE04EC0-301F-11D3-BF4B-00C04F79EFBC}") = "AppointmentProvider", "AppointmentManager\AppointmentProvider.csproj", "{BF77E9B5-1180-4A3C-AB27-9037E03173F3}"
EndProject
Project("{FAE04EC0-301F-11D3-BF4B-00C04F79EFBC}") = "AppointmentProviderTests", "AppointmentProviderTests\AppointmentProviderTests.csproj", "{5143D951-6116-4923-A238-ED9436F88262}"
EndProject
Project("{FAE04EC0-301F-11D3-BF4B-00C04F79EFBC}") = "AppointmentCalendar", "AppointmentCalendar\AppointmentCalendar.csproj", "{827E6049-1A53-4BC2-A7A8-7835F06AE517}"
EndProject
Global
	GlobalSection(SolutionConfigurationPlatforms) = preSolution
		Debug|Any CPU = Debug|Any CPU
		Release|Any CPU = Release|Any CPU
	EndGlobalSection
	GlobalSection(ProjectConfigurationPlatforms) = postSolution
		{BF77E9B5-1180-4A3C-AB27-9037E03173F3}.Debug|Any CPU.ActiveCfg = Debug|Any CPU
		{BF77E9B5-1180-4A3C-AB27-9037E03173F3}.Debug|Any CPU.Build.0 = Debug|Any CPU
		{BF77E9B5-1180-4A3C-AB27-9037E03173F3}.Release|Any CPU.ActiveCfg = Release|Any CPU
		{BF77E9B5-1180-4A3C-AB27-9037E03173F3}.Release|Any CPU.Build.0 = Release|Any CPU
		{5143D951-6116-4923-A238-ED9436F88262}.Debug|Any CPU.ActiveCfg = Debug|Any CPU
		{5143D951-6116-4923-A238-ED9436F88262}.Debug|Any CPU.Build.0 = Debug|Any CPU
		{5143D951-6116-4923-A238-ED9436F88262}.Release|Any CPU.ActiveCfg = Release|Any CPU
		{5143D951-6116-4923-A238-ED9436F88262}.Release|Any CPU.Build.0 = Release|Any CPU
		{827E6049-1A53-4BC2-A7A8-7835F06AE517}.Debug|Any CPU.ActiveCfg = Debug|Any CPU
		{827E6049-1A53-4BC2-A7A8-7835F06AE517}.Debug|Any CPU.Build.0 = Debug|Any CPU
		{827E6049-1A53-4BC2-A7A8-7835F06AE517}.Release|Any CPU.ActiveCfg = Release|Any CPU
		{827E6049-1A53-4BC2-A7A8-7835F06AE517}.Release|Any CPU.Build.0 = Release|Any CPU
	EndGlobalSection
	GlobalSection(SolutionProperties) = preSolution
		HideSolutionNode = FALSE
	EndGlobalSection
	GlobalSection(ExtensibilityGlobals) = postSolution
		EnterpriseLibraryConfigurationToolBinariesPath = packages\Unity.2.1.505.0\lib\NET35
	EndGlobalSection
EndGlobal
